Microsoft Visual Studio Solution File, Format Version 12.00
# Visual Studio Version 17
VisualStudioVersion = 17.5.2.0
MinimumVisualStudioVersion = 10.0.40219.1
Project("{FAE04EC0-301F-11D3-BF4B-00C04F79EFBC}") = "app-window", "app-window.csproj", "{8E9540C4-B089-C7E3-2F48-376E992DFAA8}"
EndProject
Global
	GlobalSection(SolutionConfigurationPlatforms) = preSolution
		Debug|Any CPU = Debug|Any CPU
		Release|Any CPU = Release|Any CPU
	EndGlobalSection
	GlobalSection(ProjectConfigurationPlatforms) = postSolution
		{8E9540C4-B089-C7E3-2F48-376E992DFAA8}.Debug|Any CPU.ActiveCfg = Debug|Any CPU
		{8E9540C4-B089-C7E3-2F48-376E992DFAA8}.Debug|Any CPU.Build.0 = Debug|Any CPU
		{8E9540C4-B089-C7E3-2F48-376E992DFAA8}.Release|Any CPU.ActiveCfg = Release|Any CPU
		{8E9540C4-B089-C7E3-2F48-376E992DFAA8}.Release|Any CPU.Build.0 = Release|Any CPU
	EndGlobalSection
	GlobalSection(SolutionProperties) = preSolution
		HideSolutionNode = FALSE
	EndGlobalSection
	GlobalSection(ExtensibilityGlobals) = postSolution
		SolutionGuid = {FA95C4E6-7EA8-4C17-A71E-2827752E3B4B}
	EndGlobalSection
EndGlobal
